
Microsoft Visual Studio Solution File, Format Version 12.00
# Visual Studio 15
VisualStudioVersion = 15.0.28307.1831
MinimumVisualStudioVersion = 10.0.40219.1
Project("{FAE04EC0-301F-11D3-BF4B-00C04F79EFBC}") = "PartsWebApp", "PartsWebApp\PartsWebApp.csproj", "{770D2D57-139F-4209-B5C6-A704AE98DF50}"
EndProject
Project("{FAE04EC0-301F-11D3-BF4B-00C04F79EFBC}") = "PartsWebAppWeb", "PartsWebAppWeb\PartsWebAppWeb.csproj", "{086A2CBC-9CD7-44FD-A401-99C5772A4726}"
EndProject
Global
	GlobalSection(SolutionConfigurationPlatforms) = preSolution
		Debug|Any CPU = Debug|Any CPU
		Release|Any CPU = Release|Any CPU
	EndGlobalSection
	GlobalSection(ProjectConfigurationPlatforms) = postSolution
		{770D2D57-139F-4209-B5C6-A704AE98DF50}.Debug|Any CPU.ActiveCfg = Debug|Any CPU
		{770D2D57-139F-4209-B5C6-A704AE98DF50}.Debug|Any CPU.Build.0 = Debug|Any CPU
		{770D2D57-139F-4209-B5C6-A704AE98DF50}.Debug|Any CPU.Deploy.0 = Debug|Any CPU
		{770D2D57-139F-4209-B5C6-A704AE98DF50}.Release|Any CPU.ActiveCfg = Release|Any CPU
		{770D2D57-139F-4209-B5C6-A704AE98DF50}.Release|Any CPU.Build.0 = Release|Any CPU
		{770D2D57-139F-4209-B5C6-A704AE98DF50}.Release|Any CPU.Deploy.0 = Release|Any CPU
		{086A2CBC-9CD7-44FD-A401-99C5772A4726}.Debug|Any CPU.ActiveCfg = Debug|Any CPU
		{086A2CBC-9CD7-44FD-A401-99C5772A4726}.Debug|Any CPU.Build.0 = Debug|Any CPU
		{086A2CBC-9CD7-44FD-A401-99C5772A4726}.Release|Any CPU.ActiveCfg = Release|Any CPU
		{086A2CBC-9CD7-44FD-A401-99C5772A4726}.Release|Any CPU.Build.0 = Release|Any CPU
	EndGlobalSection
	GlobalSection(SolutionProperties) = preSolution
		HideSolutionNode = FALSE
	EndGlobalSection
	GlobalSection(ExtensibilityGlobals) = postSolution
		SolutionGuid = {E414B1CA-1B1E-47DF-AF7C-D4D4B52720E4}
	EndGlobalSection
EndGlobal
